
Microsoft Visual Studio Solution File, Format Version 12.00
# Visual Studio 15
VisualStudioVersion = 15.0.28307.539
MinimumVisualStudioVersion = 10.0.40219.1
Project("{FAE04EC0-301F-11D3-BF4B-00C04F79EFBC}") = "OtimizacaoApi", "OtimizacaoApi\OtimizacaoApi.csproj", "{87343961-FF58-4AA3-B6D6-85B87E11ADC5}"
EndProject
Global
	GlobalSection(SolutionConfigurationPlatforms) = preSolution
		Debug|Any CPU = Debug|Any CPU
		Release|Any CPU = Release|Any CPU
	EndGlobalSection
	GlobalSection(ProjectConfigurationPlatforms) = postSolution
		{87343961-FF58-4AA3-B6D6-85B87E11ADC5}.Debug|Any CPU.ActiveCfg = Debug|Any CPU
		{87343961-FF58-4AA3-B6D6-85B87E11ADC5}.Debug|Any CPU.Build.0 = Debug|Any CPU
		{87343961-FF58-4AA3-B6D6-85B87E11ADC5}.Release|Any CPU.ActiveCfg = Release|Any CPU
		{87343961-FF58-4AA3-B6D6-85B87E11ADC5}.Release|Any CPU.Build.0 = Release|Any CPU
	EndGlobalSection
	GlobalSection(SolutionProperties) = preSolution
		HideSolutionNode = FALSE
	EndGlobalSection
	GlobalSection(ExtensibilityGlobals) = postSolution
		SolutionGuid = {9F9C78EA-0BB2-4DAE-BF0A-B6254691AE41}
	EndGlobalSection
EndGlobal
